
Microsoft Visual Studio Solution File, Format Version 10.00
# Visual Studio 2008
Project("{F184B08F-C81C-45F6-A57F-5ABD9991F28F}") = "ExecutableLogin1", "ExecutableLogin1\ExecutableLogin1.vbproj", "{C598863D-94C8-4B84-A6FA-9BC18DBB5F8A}"
EndProject
Global
	GlobalSection(SolutionConfigurationPlatforms) = preSolution
		Debug|Any CPU = Debug|Any CPU
		Release|Any CPU = Release|Any CPU
	EndGlobalSection
	GlobalSection(ProjectConfigurationPlatforms) = postSolution
		{C598863D-94C8-4B84-A6FA-9BC18DBB5F8A}.Debug|Any CPU.ActiveCfg = Debug|Any CPU
		{C598863D-94C8-4B84-A6FA-9BC18DBB5F8A}.Debug|Any CPU.Build.0 = Debug|Any CPU
		{C598863D-94C8-4B84-A6FA-9BC18DBB5F8A}.Release|Any CPU.ActiveCfg = Release|Any CPU
		{C598863D-94C8-4B84-A6FA-9BC18DBB5F8A}.Release|Any CPU.Build.0 = Release|Any CPU
	EndGlobalSection
	GlobalSection(SolutionProperties) = preSolution
		HideSolutionNode = FALSE
	EndGlobalSection
EndGlobal
